
Microsoft Visual Studio Solution File, Format Version 12.00
# Visual Studio Version 17
VisualStudioVersion = 17.7.34031.279
MinimumVisualStudioVersion = 10.0.40219.1
Project("{FAE04EC0-301F-11D3-BF4B-00C04F79EFBC}") = "MessagingSystem", "MessagingSystem\MessagingSystem.csproj", "{B549AB3D-20F3-4D13-9D59-DF9B70E596EE}"
EndProject
Project("{FAE04EC0-301F-11D3-BF4B-00C04F79EFBC}") = "DataLayer", "DataLayer\DataLayer.csproj", "{755651D2-4B80-4641-A3F1-60645E625B0B}"
EndProject
Project("{FAE04EC0-301F-11D3-BF4B-00C04F79EFBC}") = "MessengerLib", "MessengerLib1\MessengerLib.csproj", "{512660D5-A5F9-4FC2-AE0B-0DEC1B23C201}"
EndProject
Global
	GlobalSection(SolutionConfigurationPlatforms) = preSolution
		Debug|Any CPU = Debug|Any CPU
		Release|Any CPU = Release|Any CPU
	EndGlobalSection
	GlobalSection(ProjectConfigurationPlatforms) = postSolution
		{B549AB3D-20F3-4D13-9D59-DF9B70E596EE}.Debug|Any CPU.ActiveCfg = Debug|Any CPU
		{B549AB3D-20F3-4D13-9D59-DF9B70E596EE}.Debug|Any CPU.Build.0 = Debug|Any CPU
		{B549AB3D-20F3-4D13-9D59-DF9B70E596EE}.Release|Any CPU.ActiveCfg = Release|Any CPU
		{B549AB3D-20F3-4D13-9D59-DF9B70E596EE}.Release|Any CPU.Build.0 = Release|Any CPU
		{755651D2-4B80-4641-A3F1-60645E625B0B}.Debug|Any CPU.ActiveCfg = Debug|Any CPU
		{755651D2-4B80-4641-A3F1-60645E625B0B}.Debug|Any CPU.Build.0 = Debug|Any CPU
		{755651D2-4B80-4641-A3F1-60645E625B0B}.Release|Any CPU.ActiveCfg = Release|Any CPU
		{755651D2-4B80-4641-A3F1-60645E625B0B}.Release|Any CPU.Build.0 = Release|Any CPU
		{512660D5-A5F9-4FC2-AE0B-0DEC1B23C201}.Debug|Any CPU.ActiveCfg = Debug|Any CPU
		{512660D5-A5F9-4FC2-AE0B-0DEC1B23C201}.Debug|Any CPU.Build.0 = Debug|Any CPU
		{512660D5-A5F9-4FC2-AE0B-0DEC1B23C201}.Release|Any CPU.ActiveCfg = Release|Any CPU
		{512660D5-A5F9-4FC2-AE0B-0DEC1B23C201}.Release|Any CPU.Build.0 = Release|Any CPU
	EndGlobalSection
	GlobalSection(SolutionProperties) = preSolution
		HideSolutionNode = FALSE
	EndGlobalSection
	GlobalSection(ExtensibilityGlobals) = postSolution
		SolutionGuid = {477004C6-6288-4860-AE83-990257F66FD7}
	EndGlobalSection
EndGlobal
