
Microsoft Visual Studio Solution File, Format Version 12.00
# Visual Studio Version 17
VisualStudioVersion = 17.11.35327.3
MinimumVisualStudioVersion = 10.0.40219.1

Project("{FAE04EC0-301F-11D3-BF4B-00C04F79EFBC}") = "vj4_zadatak3", "vj4_zadatak3\vj4_zadatak3.csproj", "{F79647B2-0E52-471D-A687-0FAED38EC21F}"
EndProject
Global
	GlobalSection(SolutionConfigurationPlatforms) = preSolution
		Debug|Any CPU = Debug|Any CPU
		Release|Any CPU = Release|Any CPU
	EndGlobalSection
	GlobalSection(ProjectConfigurationPlatforms) = postSolution
		{F79647B2-0E52-471D-A687-0FAED38EC21F}.Debug|Any CPU.ActiveCfg = Debug|Any CPU
		{F79647B2-0E52-471D-A687-0FAED38EC21F}.Debug|Any CPU.Build.0 = Debug|Any CPU
		{F79647B2-0E52-471D-A687-0FAED38EC21F}.Release|Any CPU.ActiveCfg = Release|Any CPU
		{F79647B2-0E52-471D-A687-0FAED38EC21F}.Release|Any CPU.Build.0 = Release|Any CPU
	EndGlobalSection
	GlobalSection(SolutionProperties) = preSolution
		HideSolutionNode = FALSE
	EndGlobalSection
	GlobalSection(ExtensibilityGlobals) = postSolution
		SolutionGuid = {7F0377B3-CDF2-41CB-858A-AB875432147E}
	EndGlobalSection
EndGlobal
