
Microsoft Visual Studio Solution File, Format Version 12.00
# Visual Studio Version 17
VisualStudioVersion = 17.11.35327.3
MinimumVisualStudioVersion = 10.0.40219.1
Project("{FAE04EC0-301F-11D3-BF4B-00C04F79EFBC}") = "PresentationLayer", "PresentationLayer.csproj", "{4A8B7E91-9BF5-4167-9FEB-4389911B3914}"
EndProject
Project("{FAE04EC0-301F-11D3-BF4B-00C04F79EFBC}") = "BusinessLogicLayer", "..\BusinessLogicLayer\BusinessLogicLayer.csproj", "{AD455749-672B-41B6-AC3B-39385719092C}"
EndProject
Project("{FAE04EC0-301F-11D3-BF4B-00C04F79EFBC}") = "EntitiesLayer", "..\EntitiesLayer\EntitiesLayer.csproj", "{66A7597F-D6D3-4181-8C8E-E58A3DD069EA}"
EndProject
Project("{FAE04EC0-301F-11D3-BF4B-00C04F79EFBC}") = "DataAccessLayer", "..\DataAccessLayer\DataAccessLayer.csproj", "{782FF6B4-B759-4588-AFFA-1E6832D38369}"
EndProject
Global
	GlobalSection(SolutionConfigurationPlatforms) = preSolution
		Debug|Any CPU = Debug|Any CPU
		Release|Any CPU = Release|Any CPU
	EndGlobalSection
	GlobalSection(ProjectConfigurationPlatforms) = postSolution
		{4A8B7E91-9BF5-4167-9FEB-4389911B3914}.Debug|Any CPU.ActiveCfg = Debug|Any CPU
		{4A8B7E91-9BF5-4167-9FEB-4389911B3914}.Debug|Any CPU.Build.0 = Debug|Any CPU
		{4A8B7E91-9BF5-4167-9FEB-4389911B3914}.Release|Any CPU.ActiveCfg = Release|Any CPU
		{4A8B7E91-9BF5-4167-9FEB-4389911B3914}.Release|Any CPU.Build.0 = Release|Any CPU
		{AD455749-672B-41B6-AC3B-39385719092C}.Debug|Any CPU.ActiveCfg = Debug|Any CPU
		{AD455749-672B-41B6-AC3B-39385719092C}.Debug|Any CPU.Build.0 = Debug|Any CPU
		{AD455749-672B-41B6-AC3B-39385719092C}.Release|Any CPU.ActiveCfg = Release|Any CPU
		{AD455749-672B-41B6-AC3B-39385719092C}.Release|Any CPU.Build.0 = Release|Any CPU
		{66A7597F-D6D3-4181-8C8E-E58A3DD069EA}.Debug|Any CPU.ActiveCfg = Debug|Any CPU
		{66A7597F-D6D3-4181-8C8E-E58A3DD069EA}.Debug|Any CPU.Build.0 = Debug|Any CPU
		{66A7597F-D6D3-4181-8C8E-E58A3DD069EA}.Release|Any CPU.ActiveCfg = Release|Any CPU
		{66A7597F-D6D3-4181-8C8E-E58A3DD069EA}.Release|Any CPU.Build.0 = Release|Any CPU
		{782FF6B4-B759-4588-AFFA-1E6832D38369}.Debug|Any CPU.ActiveCfg = Debug|Any CPU
		{782FF6B4-B759-4588-AFFA-1E6832D38369}.Debug|Any CPU.Build.0 = Debug|Any CPU
		{782FF6B4-B759-4588-AFFA-1E6832D38369}.Release|Any CPU.ActiveCfg = Release|Any CPU
		{782FF6B4-B759-4588-AFFA-1E6832D38369}.Release|Any CPU.Build.0 = Release|Any CPU
	EndGlobalSection
	GlobalSection(SolutionProperties) = preSolution
		HideSolutionNode = FALSE
	EndGlobalSection
	GlobalSection(ExtensibilityGlobals) = postSolution
		SolutionGuid = {D667223C-25F0-43C6-9D4A-14510253187B}
	EndGlobalSection
EndGlobal
