
Microsoft Visual Studio Solution File, Format Version 12.00
# Visual Studio Version 17
VisualStudioVersion = 17.11.35327.3
MinimumVisualStudioVersion = 10.0.40219.1
Project("{FAE04EC0-301F-11D3-BF4B-00C04F79EFBC}") = "PresentationLayer", "PresentationLayer\PresentationLayer.csproj", "{178D4D0F-4997-4ED3-8F33-45C39DBB8BBB}"
EndProject
Project("{FAE04EC0-301F-11D3-BF4B-00C04F79EFBC}") = "BusinessLogicLayer", "BusinessLogicLayer\BusinessLogicLayer.csproj", "{2A79E8FA-4F6B-4644-BF05-A17BA4676A1D}"
EndProject
Project("{FAE04EC0-301F-11D3-BF4B-00C04F79EFBC}") = "DataAccessLayer", "DataAccessLayer\DataAccessLayer.csproj", "{ACA07ED6-4ED2-40C0-8383-07E336568C27}"
EndProject
Project("{FAE04EC0-301F-11D3-BF4B-00C04F79EFBC}") = "EntitiesLayer", "EntitiesLayer\EntitiesLayer.csproj", "{AEF8990C-285E-4364-A663-62B1290D8A39}"
EndProject
Global
	GlobalSection(SolutionConfigurationPlatforms) = preSolution
		Debug|Any CPU = Debug|Any CPU
		Release|Any CPU = Release|Any CPU
	EndGlobalSection
	GlobalSection(ProjectConfigurationPlatforms) = postSolution
		{178D4D0F-4997-4ED3-8F33-45C39DBB8BBB}.Debug|Any CPU.ActiveCfg = Debug|Any CPU
		{178D4D0F-4997-4ED3-8F33-45C39DBB8BBB}.Debug|Any CPU.Build.0 = Debug|Any CPU
		{178D4D0F-4997-4ED3-8F33-45C39DBB8BBB}.Release|Any CPU.ActiveCfg = Release|Any CPU
		{178D4D0F-4997-4ED3-8F33-45C39DBB8BBB}.Release|Any CPU.Build.0 = Release|Any CPU
		{2A79E8FA-4F6B-4644-BF05-A17BA4676A1D}.Debug|Any CPU.ActiveCfg = Debug|Any CPU
		{2A79E8FA-4F6B-4644-BF05-A17BA4676A1D}.Debug|Any CPU.Build.0 = Debug|Any CPU
		{2A79E8FA-4F6B-4644-BF05-A17BA4676A1D}.Release|Any CPU.ActiveCfg = Release|Any CPU
		{2A79E8FA-4F6B-4644-BF05-A17BA4676A1D}.Release|Any CPU.Build.0 = Release|Any CPU
		{ACA07ED6-4ED2-40C0-8383-07E336568C27}.Debug|Any CPU.ActiveCfg = Debug|Any CPU
		{ACA07ED6-4ED2-40C0-8383-07E336568C27}.Debug|Any CPU.Build.0 = Debug|Any CPU
		{ACA07ED6-4ED2-40C0-8383-07E336568C27}.Release|Any CPU.ActiveCfg = Release|Any CPU
		{ACA07ED6-4ED2-40C0-8383-07E336568C27}.Release|Any CPU.Build.0 = Release|Any CPU
		{AEF8990C-285E-4364-A663-62B1290D8A39}.Debug|Any CPU.ActiveCfg = Debug|Any CPU
		{AEF8990C-285E-4364-A663-62B1290D8A39}.Debug|Any CPU.Build.0 = Debug|Any CPU
		{AEF8990C-285E-4364-A663-62B1290D8A39}.Release|Any CPU.ActiveCfg = Release|Any CPU
		{AEF8990C-285E-4364-A663-62B1290D8A39}.Release|Any CPU.Build.0 = Release|Any CPU
	EndGlobalSection
	GlobalSection(SolutionProperties) = preSolution
		HideSolutionNode = FALSE
	EndGlobalSection
	GlobalSection(ExtensibilityGlobals) = postSolution
		SolutionGuid = {63808D08-D3C2-4BE8-8B58-494EB0606B36}
	EndGlobalSection
EndGlobal
