
Microsoft Visual Studio Solution File, Format Version 12.00
# Visual Studio Version 17
VisualStudioVersion = 17.11.35327.3
MinimumVisualStudioVersion = 10.0.40219.1
Project("{9A19103F-16F7-4668-BE54-9A1E7A4F7556}") = "Gradevina (Zadatak 1)", "Gradevina (Zadatak 1).csproj", "{AF0AAA2D-7E4D-413E-A87B-6274E607BE72}"
EndProject
Project("{FAE04EC0-301F-11D3-BF4B-00C04F79EFBC}") = "KonzolaGradevina", "..\KonzolaGradevina\KonzolaGradevina.csproj", "{6AE6325F-F9C2-4EE4-9215-96C478FD6770}"
EndProject
Global
	GlobalSection(SolutionConfigurationPlatforms) = preSolution
		Debug|Any CPU = Debug|Any CPU
		Release|Any CPU = Release|Any CPU
	EndGlobalSection
	GlobalSection(ProjectConfigurationPlatforms) = postSolution
		{AF0AAA2D-7E4D-413E-A87B-6274E607BE72}.Debug|Any CPU.ActiveCfg = Debug|Any CPU
		{AF0AAA2D-7E4D-413E-A87B-6274E607BE72}.Debug|Any CPU.Build.0 = Debug|Any CPU
		{AF0AAA2D-7E4D-413E-A87B-6274E607BE72}.Release|Any CPU.ActiveCfg = Release|Any CPU
		{AF0AAA2D-7E4D-413E-A87B-6274E607BE72}.Release|Any CPU.Build.0 = Release|Any CPU
		{6AE6325F-F9C2-4EE4-9215-96C478FD6770}.Debug|Any CPU.ActiveCfg = Debug|Any CPU
		{6AE6325F-F9C2-4EE4-9215-96C478FD6770}.Debug|Any CPU.Build.0 = Debug|Any CPU
		{6AE6325F-F9C2-4EE4-9215-96C478FD6770}.Release|Any CPU.ActiveCfg = Release|Any CPU
		{6AE6325F-F9C2-4EE4-9215-96C478FD6770}.Release|Any CPU.Build.0 = Release|Any CPU
	EndGlobalSection
	GlobalSection(SolutionProperties) = preSolution
		HideSolutionNode = FALSE
	EndGlobalSection
	GlobalSection(ExtensibilityGlobals) = postSolution
		SolutionGuid = {A339EFDD-3EFB-486A-B0DB-9613F7A9B354}
	EndGlobalSection
EndGlobal
