
Microsoft Visual Studio Solution File, Format Version 12.00
# Visual Studio Version 17
VisualStudioVersion = 17.11.35327.3
MinimumVisualStudioVersion = 10.0.40219.1
Project("{FAE04EC0-301F-11D3-BF4B-00C04F79EFBC}") = "vj4_zadatak5", "vj4_zadatak5\vj4_zadatak5.csproj", "{9C930355-5035-42BD-9583-18CE5F3E5F95}"
EndProject
Global
	GlobalSection(SolutionConfigurationPlatforms) = preSolution
		Debug|Any CPU = Debug|Any CPU
		Release|Any CPU = Release|Any CPU
	EndGlobalSection
	GlobalSection(ProjectConfigurationPlatforms) = postSolution
		{9C930355-5035-42BD-9583-18CE5F3E5F95}.Debug|Any CPU.ActiveCfg = Debug|Any CPU
		{9C930355-5035-42BD-9583-18CE5F3E5F95}.Debug|Any CPU.Build.0 = Debug|Any CPU
		{9C930355-5035-42BD-9583-18CE5F3E5F95}.Release|Any CPU.ActiveCfg = Release|Any CPU
		{9C930355-5035-42BD-9583-18CE5F3E5F95}.Release|Any CPU.Build.0 = Release|Any CPU
	EndGlobalSection
	GlobalSection(SolutionProperties) = preSolution
		HideSolutionNode = FALSE
	EndGlobalSection
	GlobalSection(ExtensibilityGlobals) = postSolution
		SolutionGuid = {AF40469D-7F50-4E57-9799-9A6C7E87CB42}
	EndGlobalSection
EndGlobal
